
Microsoft Visual Studio Solution File, Format Version 12.00
# Visual Studio 14
VisualStudioVersion = 14.0.25420.1
MinimumVisualStudioVersion = 10.0.40219.1
Project("{FAE04EC0-301F-11D3-BF4B-00C04F79EFBC}") = "UoNAVLive", "UoNAVLive\UoNAVLive.csproj", "{A7991CB4-9385-4639-A491-730AB4C054AF}"
EndProject
Global
	GlobalSection(SolutionConfigurationPlatforms) = preSolution
		Debug|Any CPU = Debug|Any CPU
		Release|Any CPU = Release|Any CPU
	EndGlobalSection
	GlobalSection(ProjectConfigurationPlatforms) = postSolution
		{A7991CB4-9385-4639-A491-730AB4C054AF}.Debug|Any CPU.ActiveCfg = Debug|Any CPU
		{A7991CB4-9385-4639-A491-730AB4C054AF}.Debug|Any CPU.Build.0 = Debug|Any CPU
		{A7991CB4-9385-4639-A491-730AB4C054AF}.Release|Any CPU.ActiveCfg = Release|Any CPU
		{A7991CB4-9385-4639-A491-730AB4C054AF}.Release|Any CPU.Build.0 = Release|Any CPU
	EndGlobalSection
	GlobalSection(SolutionProperties) = preSolution
		HideSolutionNode = FALSE
	EndGlobalSection
EndGlobal
